# This lockfile is generated by Cargo for the Artifact 05 gateway crate.
# It is intentionally committed so `cargo --locked` is reproducible in the
# standalone artifact-05 verification context.

version = 4

[[package]]
name = "nexus-artifact-05-gateway"
version = "0.1.0"
dependencies = [
 "axum",
 "http-body-util",
 "nexus-constitutional-core",
 "serde",
 "serde_json",
 "tokio",
 "tower",
 "uuid",
]

[[package]]
name = "nexus-constitutional-core"
version = "0.1.0"
