# This file is automatically @generated by Cargo.
# It is not intended for manual editing.
# This lockfile is generated by Cargo for the Artifact 05 gateway crate.
# It is intentionally committed so `cargo --locked` is reproducible in the
# standalone artifact-05 verification context.
version = 4

[[package]]
name = "atomic-waker"
version = "1.1.2"
source = "registry+https://github.com/rust-lang/crates.io-index"
checksum = "1505bd5d3d116872e7271a6d4e16d81d0c8570876c8de68093a09ac269d8aac0"

[[package]]
name = "axum"
version = "0.8.9"
source = "registry+https://github.com/rust-lang/crates.io-index"
checksum = "31b698c5f9a010f6573133b09e0de5408834d0c82f8d7475a89fc1867a71cd90"
dependencies = [
 "axum-core",
 "bytes",
 "form_urlencoded",
 "futures-util",
 "http",
 "http-body",
 "http-body-util",
 "hyper",
 "hyper-util",
 "itoa",
 "matchit",
 "memchr",
 "mime",
 "percent-encoding",
 "pin-project-lite",
 "serde",
 "serde_json",
 "serde_path_to_error",
 "serde_urlencoded",
 "sync_wrapper",
 "tokio",
 "tower",
 "tower-layer",
 "tower-service",
 "tracing",
]

[[package]]
name = "axum-core"
version = "0.5.6"
source = "registry+https://github.com/rust-lang/crates.io-index"
checksum = "03307030280967e3d2d29b33a741c869f3f32b67f1e44e77408a2252c84c6ae8"
dependencies = [
 "bytes",
 "futures-util",
 "http",
 "http-body",
 "http-body-util",
 "mime",
 "pin-project-lite",
 "sync_wrapper",
 "tower-layer",
 "tower-service",
 "tracing",
]

[[package]]
name = "bytes"
version = "1.12.1"
source = "registry+https://github.com/rust-lang/crates.io-index"
checksum = "4931268522b06a3956c8cf4af688c167581527b3cbc2a44ab5c2885b3a5c9f8e"

[[package]]
name = "cfg-if"
version = "1.0.4"
source = "registry+https://github.com/rust-lang/crates.io-index"
checksum = "9330f8b2ff13f34540b44e946ef35111825727b38d33286ef986142615121801"

[[package]]
name = "form_urlencoded"
version = "1.2.2"
source = "registry+https://github.com/rust-lang/crates.io-index"
checksum = "cb4cb245038516f5f85277875cdaa4f7d2c8d6fb75eb8c981a608c56feb7da8c"
dependencies = [
 "percent-encoding",
]

[[package]]
name = "futures-channel"
version = "0.3.34"
source = "registry+https://github.com/rust-lang/crates.io-index"
checksum = "c8adf4adf95c01b245a4c5ab8e88be65b9027ea24402d65a70a252125d7710bc"
dependencies = [
 "futures-core",
]

[[package]]
name = "futures-core"
version = "0.3.34"
source = "registry+https://github.com/rust-lang/crates.io-index"
checksum = "3d91fc3174a5ecda91c64e24b5bb5a588d0d938c628145593d86965422c4433f"

[[package]]
name = "futures-task"
version = "0.3.34"
source = "registry+https://github.com/rust-lang/crates.io-index"
checksum = "28ce1f05b3f3ce802228926728ea3fff78044e1b5d7944630bd88e58d01caf7b"

[[package]]
name = "futures-util"
version = "0.3.34"
source = "registry+https://github.com/rust-lang/crates.io-index"
checksum = "ad7594afebea7e58f4dc4c1fadc8406febc6415ddcf4eb9f070dc41e19508b4e"
dependencies = [
 "futures-core",
 "futures-task",
 "pin-project-lite",
 "slab",
]

[[package]]
name = "getrandom"
version = "0.4.3"
source = "registry+https://github.com/rust-lang/crates.io-index"
checksum = "0f3a61420a563884f970736567b13ed209ba3e08acb3bf78ccbd62b9d3a502a3"
dependencies = [
 "cfg-if",
 "libc",
]

[[package]]
name = "http"
version = "1.5.0"
source = "registry+https://github.com/rust-lang/crates.io-index"
checksum = "d8097e6a9a20a3d44d9db4c187149295c26649f578542c28a7b7aa02979a4e59"
dependencies = [
 "bytes",
 "itoa",
]

[[package]]
name = "http-body"
version = "1.1.0"
source = "registry+https://github.com/rust-lang/crates.io-index"
checksum = "04d62ae804c55c6e42b9b3dc5b772028885921a24466fb760887c57181480c49"
dependencies = [
 "bytes",
 "http",
]

[[package]]
name = "http-body-util"
version = "0.1.5"
source = "registry+https://github.com/rust-lang/crates.io-index"
checksum = "67d7451ae225f094c4e4b327bd578cca295119f3e29166551520a8e801d689be"
dependencies = [
 "bytes",
 "futures-core",
 "http",
 "http-body",
 "pin-project-lite",
]

[[package]]
name = "httparse"
version = "1.10.1"
source = "registry+https://github.com/rust-lang/crates.io-index"
checksum = "6dbf3de79c6e465e14a3423cdf4b5a7774e44f9c30f64a25d0568ac343b53f7f"

[[package]]
name = "httpdate"
version = "1.0.3"
source = "registry+https://github.com/rust-lang/crates.io-index"
checksum = "df3b2d03d2c8a16b797d5b4b92496d9fe502c5795b2f3ee208d6d0a27216a0a9"

[[package]]
name = "hyper"
version = "1.11.1"
source = "registry+https://github.com/rust-lang/crates.io-index"
checksum = "c9e1b1434cc60b1f795c368d34f9e63f3b57ee6f31842e329968de8f142bc3fc"
dependencies = [
 "atomic-waker",
 "bytes",
 "futures-channel",
 "futures-core",
 "http",
 "http-body",
 "httparse",
 "httpdate",
 "itoa",
 "pin-project-lite",
 "smallvec",
 "tokio",
 "want",
]

[[package]]
name = "hyper-util"
version = "0.1.20"
source = "registry+https://github.com/rust-lang/crates.io-index"
checksum = "515110bcc4fe58452d1e34589f8bb708001a69855e5b46ea87c43f14d58bb5f5"
dependencies = [
 "bytes",
 "futures-channel",
 "futures-util",
 "http",
 "http-body",
 "hyper",
 "pin-project-lite",
 "socket2",
 "tokio",
 "tower-service",
 "tracing",
]

[[package]]
name = "itoa"
version = "1.0.18"
source = "registry+https://github.com/rust-lang/crates.io-index"
checksum = "0c0f4b9bd3fc2b59bf16b01bda40e61c0598c54d2cb785d39eb740db6bf4b3a3"

[[package]]
name = "libc"
version = "0.2.189"
source = "registry+https://github.com/rust-lang/crates.io-index"
checksum = "8ec287875934c415ee802c22bb8828c65a4e7bdb59a4f8612b4219f67c21d1f9"

[[package]]
name = "log"
version = "0.4.34"
source = "registry+https://github.com/rust-lang/crates.io-index"
checksum = "fcfa8ef70f62a0ac45ba789949c3292f9e85c5e89882c91a8404f8dd5b63d403"

[[package]]
name = "matchit"
version = "0.8.4"
source = "registry+https://github.com/rust-lang/crates.io-index"
checksum = "46bf2fbf94f3af5efa1bad8cfe82074dc73d734318874253850b48f8a9bc8d01"

[[package]]
name = "memchr"
version = "2.8.3"
source = "registry+https://github.com/rust-lang/crates.io-index"
checksum = "d96d74d4d3128373de797de9517f0bd1804773fa2d540826a431ac65ac1f6b3a"

[[package]]
name = "mime"
version = "0.3.17"
source = "registry+https://github.com/rust-lang/crates.io-index"
checksum = "68766c783496803c33d68d6aadc693bb1ba3f9cd9ca93ff14a24c23beec8e4ab"

[[package]]
name = "mio"
version = "1.2.2"
source = "registry+https://github.com/rust-lang/crates.io-index"
checksum = "d0589e0d158a3f7f3c326685f0f13a3a0c647125f956611c44063fe6c79a0863"
dependencies = [
 "libc",
 "wasi",
 "windows-sys",
]

[[package]]
name = "nexus-artifact-05-gateway"
version = "0.1.0"
dependencies = [
 "axum",
 "http-body-util",
 "nexus-constitutional-core",
 "serde",
 "serde_json",
 "tokio",
 "tower",
 "uuid",
]

[[package]]
name = "nexus-constitutional-core"
version = "0.1.0"
dependencies = [
 "serde",
 "serde_json",
 "thiserror",
]

[[package]]
name = "once_cell"
version = "1.21.4"
source = "registry+https://github.com/rust-lang/crates.io-index"
checksum = "d43c218bb7c9b067bf69cf55e4cc2aa5ef7e48723b293e0eca5b0a37c81593e2"

[[package]]
name = "percent-encoding"
version = "2.3.2"
source = "registry+https://github.com/rust-lang/crates.io-index"
checksum = "228cbbcb78368c2da1a8532fd352722bb5c858bc4f3d23b46679a6a998a70b00"

[[package]]
name = "pin-project-lite"
version = "0.2.17"
source = "registry+https://github.com/rust-lang/crates.io-index"
checksum = "2c593186bbb71577b3738e2a88d0d2a1fb3f5cbd0c9e7b3c4e5673e61c4acaa"

[[package]]
name = "proc-macro2"
version = "1.0.107"
source = "registry+https://github.com/rust-lang/crates.io-index"
checksum = "c06a442697d545a23dc2e98e5ef6810e65992d62bf278709256f94debf374a60"
dependencies = [
 "unicode-ident",
]

[[package]]
name = "quote"
version = "1.0.47"
source = "registry+https://github.com/rust-lang/crates.io-index"
checksum = "30630ca1a6af22e3b8739968f72f6f4783e8fc92b940e5f4bfbeb40796b66b88"
dependencies = [
 "proc-macro2",
]

[[package]]
name = "ryu"
version = "1.0.23"
source = "registry+https://github.com/rust-lang/crates.io-index"
checksum = "4d0cf0beac72783c587ee828cab953fe414723ad3c5cc98ca357905b7b15bf69"

[[package]]
name = "serde"
version = "1.0.229"
source = "registry+https://github.com/rust-lang/crates.io-index"
checksum = "3f881db25d3c98598c83f5aad73d4296c1cf9d833171cff993483155155722d8"
dependencies = [
 "serde_core",
 "serde_derive",
]

[[package]]
name = "serde_core"
version = "1.0.229"
source = "registry+https://github.com/rust-lang/crates.io-index"
checksum = "9933485c042f9ac386b5ded8980636fb84ab15373828b431316dc0cceab0b720"

[[package]]
name = "serde_derive"
version = "1.0.229"
source = "registry+https://github.com/rust-lang/crates.io-index"
checksum = "c086142c23f2583fb2ed8b12e07cfe9812bb18b99cddf26ac13ac6d9a57073f"
dependencies = [
 "proc-macro2",
 "quote",
 "syn",
]

[[package]]
name = "serde_json"
version = "1.0.151"
source = "registry+https://github.com/rust-lang/crates.io-index"
checksum = "93dc1bb791f602f57ce53641c873602f01750bf05258d799f2f964080d0f74b"
dependencies = [
 "itoa",
 "memchr",
 "serde",
 "serde_core",
 "zmij",
]

[[package]]
name = "serde_path_to_error"
version = "0.1.20"
source = "registry+https://github.com/rust-lang/crates.io-index"
checksum = "d27a3c9dca6340136b7f4936700210e31928118a4f876b1a6c79c5c333a33739"
dependencies = [
 "itoa",
 "serde",
 "serde_core",
]

[[package]]
name = "serde_urlencoded"
version = "0.7.1"
source = "registry+https://github.com/rust-lang/crates.io-index"
checksum = "d3491c14715abb0b3b50841522ba553970854e270a9858b478caef5b3bb30e315"
dependencies = [
 "form_urlencoded",
 "itoa",
 "ryu",
 "serde",
]

[[package]]
name = "slab"
version = "0.4.12"
source = "registry+https://github.com/rust-lang/crates.io-index"
checksum = "c063c2481370c064416167565032662ec409eb9d872bf5700bb7aaf214ae9424"

[[package]]
name = "smallvec"
version = "1.15.2"
source = "registry+https://github.com/rust-lang/crates.io-index"
checksum = "33ac4096b9307943552490ef896f08db9107fa886eab9b7406dcf66a5ed65d9b"

[[package]]
name = "socket2"
version = "0.6.5"
source = "registry+https://github.com/rust-lang/crates.io-index"
checksum = "d70a4223abd61b0c9a9b8f9e1b6f01ebf364bdcf7d4887c74db107537b78cc53"
dependencies = [
 "libc",
 "windows-sys",
]

[[package]]
name = "syn"
version = "3.0.4"
source = "registry+https://github.com/rust-lang/crates.io-index"
checksum = "3d5844c975b10a27b1c25c4f53b7feb9b1fd777c750a037bcd63ea9a47ef2115"
dependencies = [
 "proc-macro2",
 "quote",
 "unicode-ident",
]

[[package]]
name = "sync_wrapper"
version = "1.0.2"
source = "registry+https://github.com/rust-lang/crates.io-index"
checksum = "d673ca6674f904a5e99cbf7d5ec2b959c56f172be33d2f4f69e1fcd63a7f8d2a"

[[package]]
name = "thiserror"
version = "2.0.17"
source = "registry+https://github.com/rust-lang/crates.io-index"
checksum = "1f1fdf5af3f9ab19d5b5022858d8c4ee50d1fdd7b6ee76d2fe6caf62f266b00e"
dependencies = [
 "thiserror-impl",
]

[[package]]
name = "thiserror-impl"
version = "2.0.17"
source = "registry+https://github.com/rust-lang/crates.io-index"
checksum = "ff12494ec48c8fe1078b98e4d401a93151d23789b18db6f84b06b953198b19ca"
dependencies = [
 "proc-macro2",
 "quote",
 "syn",
]

[[package]]
name = "tokio"
version = "1.53.1"
source = "registry+https://github.com/rust-lang/crates.io-index"
checksum = "8b5a9fef7e675bff6fcffac2303a75bac49165bc48c18a8f879926142eb0206a"
dependencies = [
 "bytes",
 "libc",
 "mio",
 "pin-project-lite",
 "socket2",
 "tokio-macros",
 "windows-sys",
]

[[package]]
name = "tokio-macros"
version = "2.7.2"
source = "registry+https://github.com/rust-lang/crates.io-index"
checksum = "d3906b28f5d92b53601d703ce70c7c3cba3e616df9bd0583b9188e436069882d"
dependencies = [
 "proc-macro2",
 "quote",
 "syn",
]

[[package]]
name = "tower"
version = "0.5.3"
source = "registry+https://github.com/rust-lang/crates.io-index"
checksum = "38038035e8230919921bf4d2054013506506c7e3f75332d8203b3e8b365685e4"
dependencies = [
 "futures-core",
 "futures-util",
 "pin-project-lite",
 "sync_wrapper",
 "tokio",
 "tower-layer",
 "tower-service",
]

[[package]]
name = "tower-layer"
version = "0.3.3"
source = "registry+https://github.com/rust-lang/crates.io-index"
checksum = "c8633699e66f42c2f4af9a0f7cbca74e7ebf92c897727302760b535223835bdc"

[[package]]
name = "tower-service"
version = "0.3.3"
source = "registry+https://github.com/rust-lang/crates.io-index"
checksum = "8f57b001d987b01b0d205566792e1a95f6d67b279752f42c6500db4edb74f4ed"

[[package]]
name = "tracing"
version = "0.1.44"
source = "registry+https://github.com/rust-lang/crates.io-index"
checksum = "969f18b8ad1e7322ddfb64eb9e15fc2a5d0bd33c0ff2a617813736fbc641e84d"
dependencies = [
 "log",
 "pin-project-lite",
 "tracing-core",
]

[[package]]
name = "tracing-core"
version = "0.1.36"
source = "registry+https://github.com/rust-lang/crates.io-index"
checksum = "73b5e40e1f218b58503408cffb0d967ad9f5205397ec28a28f1d3876945441eb"
dependencies = [
 "once_cell",
]

[[package]]
name = "unicode-ident"
version = "1.0.24"
source = "registry+https://github.com/rust-lang/crates.io-index"
checksum = "b17e4cf36a9532d4ed9dd6dba4bbb3c8f6e5df82239f5d6805c4d2eea7a0ee2"

[[package]]
name = "uuid"
version = "1.26.0"
source = "registry+https://github.com/rust-lang/crates.io-index"
checksum = "8514309737379d964ce44e5d3ca0ef4692e04a2f1e1181747cffb1144051249d"
dependencies = [
 "getrandom",
 "serde",
]

[[package]]
name = "want"
version = "0.3.1"
source = "registry+https://github.com/rust-lang/crates.io-index"
checksum = "bfa7760e29d2961a3f0b08be09440ba03c968b4daefb4d7c4ae47cbad1f70f1f"
dependencies = [
 "try-lock",
]

[[package]]
name = "try-lock"
version = "0.2.5"
source = "registry+https://github.com/rust-lang/crates.io-index"
checksum = "e421abadd41fc8b22277df1b406e484456a90c4d688562d53be9a2e4567afc32"

[[package]]
name = "wasi"
version = "0.11.1+wasi-snapshot-preview1"
source = "registry+https://github.com/rust-lang/crates.io-index"
checksum = "ccf3ec651a847eb01de73ccad15eb7d5a6e03c72fed16d142c55908a6feaf43f"

[[package]]
name = "windows-link"
version = "0.2.1"
source = "registry+https://github.com/rust-lang/crates.io-index"
checksum = "f0805222e57f7521d6a64fa2aa006093bd89dfc1d18bb197d61180c12378c594"

[[package]]
name = "windows-sys"
version = "0.61.2"
source = "registry+https://github.com/rust-lang/crates.io-index"
checksum = "ae137229bcbd6d63f486411854ad30e33799c2d3d72e2748a5559e4ebdfad94c"
dependencies = [
 "windows-link",
]

[[package]]
name = "zmij"
version = "1.0.23"
source = "registry+https://github.com/rust-lang/crates.io-index"
checksum = "c8e0490a5eac1c3a2af67de324327b8260fa829cfcbb5e8a9f2b5f2f88ec30ad"
